
Microsoft Visual Studio Solution File, Format Version 12.00
# Visual Studio Version 16
VisualStudioVersion = 16.0.30011.22
MinimumVisualStudioVersion = 10.0.40219.1
Project("{FAE04EC0-301F-11D3-BF4B-00C04F79EFBC}") = "View", "ControleEstoque\View.csproj", "{15EE6D6F-B1E4-4D43-9445-2A9CFC03FEE8}"
EndProject
Project("{FAE04EC0-301F-11D3-BF4B-00C04F79EFBC}") = "BLL", "BLL\BLL.csproj", "{FEDC39C1-0B77-444D-BB22-3B53ED335AF8}"
EndProject
Project("{FAE04EC0-301F-11D3-BF4B-00C04F79EFBC}") = "Modelo", "Modelo\Modelo.csproj", "{4CCB2D58-4918-4723-BAAC-85915BE1D175}"
EndProject
Project("{FAE04EC0-301F-11D3-BF4B-00C04F79EFBC}") = "Ferramentas", "Ferramentas\Ferramentas.csproj", "{962A60DA-DBB8-416B-8DFD-6B214142C12B}"
EndProject
Project("{FAE04EC0-301F-11D3-BF4B-00C04F79EFBC}") = "DAL", "DAL\DAL.csproj", "{29A9B1A3-21C0-4FFC-87C2-73B1D88DFF70}"
EndProject
Global
	GlobalSection(SolutionConfigurationPlatforms) = preSolution
		Debug|Any CPU = Debug|Any CPU
		Release|Any CPU = Release|Any CPU
	EndGlobalSection
	GlobalSection(ProjectConfigurationPlatforms) = postSolution
		{15EE6D6F-B1E4-4D43-9445-2A9CFC03FEE8}.Debug|Any CPU.ActiveCfg = Debug|Any CPU
		{15EE6D6F-B1E4-4D43-9445-2A9CFC03FEE8}.Debug|Any CPU.Build.0 = Debug|Any CPU
		{15EE6D6F-B1E4-4D43-9445-2A9CFC03FEE8}.Release|Any CPU.ActiveCfg = Release|Any CPU
		{15EE6D6F-B1E4-4D43-9445-2A9CFC03FEE8}.Release|Any CPU.Build.0 = Release|Any CPU
		{FEDC39C1-0B77-444D-BB22-3B53ED335AF8}.Debug|Any CPU.ActiveCfg = Debug|Any CPU
		{FEDC39C1-0B77-444D-BB22-3B53ED335AF8}.Debug|Any CPU.Build.0 = Debug|Any CPU
		{FEDC39C1-0B77-444D-BB22-3B53ED335AF8}.Release|Any CPU.ActiveCfg = Release|Any CPU
		{FEDC39C1-0B77-444D-BB22-3B53ED335AF8}.Release|Any CPU.Build.0 = Release|Any CPU
		{4CCB2D58-4918-4723-BAAC-85915BE1D175}.Debug|Any CPU.ActiveCfg = Debug|Any CPU
		{4CCB2D58-4918-4723-BAAC-85915BE1D175}.Debug|Any CPU.Build.0 = Debug|Any CPU
		{4CCB2D58-4918-4723-BAAC-85915BE1D175}.Release|Any CPU.ActiveCfg = Release|Any CPU
		{4CCB2D58-4918-4723-BAAC-85915BE1D175}.Release|Any CPU.Build.0 = Release|Any CPU
		{962A60DA-DBB8-416B-8DFD-6B214142C12B}.Debug|Any CPU.ActiveCfg = Debug|Any CPU
		{962A60DA-DBB8-416B-8DFD-6B214142C12B}.Debug|Any CPU.Build.0 = Debug|Any CPU
		{962A60DA-DBB8-416B-8DFD-6B214142C12B}.Release|Any CPU.ActiveCfg = Release|Any CPU
		{962A60DA-DBB8-416B-8DFD-6B214142C12B}.Release|Any CPU.Build.0 = Release|Any CPU
		{29A9B1A3-21C0-4FFC-87C2-73B1D88DFF70}.Debug|Any CPU.ActiveCfg = Debug|Any CPU
		{29A9B1A3-21C0-4FFC-87C2-73B1D88DFF70}.Debug|Any CPU.Build.0 = Debug|Any CPU
		{29A9B1A3-21C0-4FFC-87C2-73B1D88DFF70}.Release|Any CPU.ActiveCfg = Release|Any CPU
		{29A9B1A3-21C0-4FFC-87C2-73B1D88DFF70}.Release|Any CPU.Build.0 = Release|Any CPU
	EndGlobalSection
	GlobalSection(SolutionProperties) = preSolution
		HideSolutionNode = FALSE
	EndGlobalSection
	GlobalSection(ExtensibilityGlobals) = postSolution
		SolutionGuid = {A5FC9F75-798B-40AC-87E7-A128036CF125}
	EndGlobalSection
EndGlobal
